<?xml version="1.0" encoding="UTF-8"?>
<Scheme
   LastUpgradeVersion = "0620"
   version = "2.0">
   <BuildAction
      parallelizeBuildables = "YES"
      buildImplicitDependencies = "YES">
      <BuildActionEntries>
         <BuildActionEntry
            buildForTesting = "YES"
            buildForRunning = "YES"
            buildForProfiling = "YES"
            buildForArchiving = "YES"
            buildForAnalyzing = "YES">
            <BuildableReference
               BuildableIdentifier = "primary"
               BlueprintIdentifier = "1AD973E71ABEECEC009D4A2D"
               BuildableName = "WatchChat WatchKit App.app"
               BlueprintName = "WatchChat WatchKit App"
               ReferencedContainer = "container:WatchChat.xcodeproj">
            </BuildableReference>
         </BuildActionEntry>
         <BuildActionEntry
            buildForTesting = "YES"
            buildForRunning = "YES"
            buildForProfiling = "YES"
            buildForArchiving = "YES"
            buildForAnalyzing = "YES">
            <BuildableReference
               BuildableIdentifier = "primary"
               BlueprintIdentifier = "1AD973D51ABEECEC009D4A2D"
               BuildableName = "WatchChat WatchKit Extension.appex"
               BlueprintName = "WatchChat WatchKit Extension"
               ReferencedContainer = "container:WatchChat.xcodeproj">
            </BuildableReference>
         </BuildActionEntry>
         <BuildActionEntry
            buildForTesting = "YES"
            buildForRunning = "YES"
            buildForProfiling = "YES"
            buildForArchiving = "YES"
            buildForAnalyzing = "YES">
            <BuildableReference
               BuildableIdentifier = "primary"
               BlueprintIdentifier = "1AD973A81ABEECC3009D4A2D"
               BuildableName = "WatchChat.app"
               BlueprintName = "WatchChat"
               ReferencedContainer = "container:WatchChat.xcodeproj">
            </BuildableReference>
         </BuildActionEntry>
      </BuildActionEntries>
   </BuildAction>
   <TestAction
      selectedDebuggerIdentifier = "Xcode.DebuggerFoundation.Debugger.LLDB"
      selectedLauncherIdentifier = "Xcode.DebuggerFoundation.Launcher.LLDB"
      shouldUseLaunchSchemeArgsEnv = "YES"
      buildConfiguration = "Debug">
      <Testables>
      </Testables>
      <MacroExpansion>
         <BuildableReference
            BuildableIdentifier = "primary"
            BlueprintIdentifier = "1AD973E71ABEECEC009D4A2D"
            BuildableName = "WatchChat WatchKit App.app"
            BlueprintName = "WatchChat WatchKit App"
            ReferencedContainer = "container:WatchChat.xcodeproj">
         </BuildableReference>
      </MacroExpansion>
   </TestAction>
   <LaunchAction
      selectedDebuggerIdentifier = "Xcode.DebuggerFoundation.Debugger.LLDB"
      selectedLauncherIdentifier = "Xcode.DebuggerFoundation.Launcher.LLDB"
      launchStyle = "0"
      useCustomWorkingDirectory = "NO"
      buildConfiguration = "Debug"
      ignoresPersistentStateOnLaunch = "NO"
      debugDocumentVersioning = "YES"
      allowLocationSimulation = "YES"
      launchAutomaticallySubstyle = "8"
      notificationPayloadFile = "WatchChat WatchKit Extension/PushNotificationPayload.apns">
      <RemoteRunnable
         runnableDebuggingMode = "2"
         BundleIdentifier = "com.apple.springboard"
         RemotePath = "/WatchChat">
         <BuildableReference
            BuildableIdentifier = "primary"
            BlueprintIdentifier = "1AD973E71ABEECEC009D4A2D"
            BuildableName = "WatchChat WatchKit App.app"
            BlueprintName = "WatchChat WatchKit App"
            ReferencedContainer = "container:WatchChat.xcodeproj">
         </BuildableReference>
      </RemoteRunnable>
      <MacroExpansion>
         <BuildableReference
            BuildableIdentifier = "primary"
            BlueprintIdentifier = "1AD973E71ABEECEC009D4A2D"
            BuildableName = "WatchChat WatchKit App.app"
            BlueprintName = "WatchChat WatchKit App"
            ReferencedContainer = "container:WatchChat.xcodeproj">
         </BuildableReference>
      </MacroExpansion>
      <AdditionalOptions>
      </AdditionalOptions>
   </LaunchAction>
   <ProfileAction
      shouldUseLaunchSchemeArgsEnv = "YES"
      savedToolIdentifier = ""
      useCustomWorkingDirectory = "NO"
      buildConfiguration = "Release"
      debugDocumentVersioning = "YES">
      <RemoteRunnable
         runnableDebuggingMode = "2"
         BundleIdentifier = "com.apple.springboard"
         RemotePath = "/WatchChat">
         <BuildableReference
            BuildableIdentifier = "primary"
            BlueprintIdentifier = "1AD973E71ABEECEC009D4A2D"
            BuildableName = "WatchChat WatchKit App.app"
            BlueprintName = "WatchChat WatchKit App"
            ReferencedContainer = "container:WatchChat.xcodeproj">
         </BuildableReference>
      </RemoteRunnable>
      <MacroExpansion>
         <BuildableReference
            BuildableIdentifier = "primary"
            BlueprintIdentifier = "1AD973E71ABEECEC009D4A2D"
            BuildableName = "WatchChat WatchKit App.app"
            BlueprintName = "WatchChat WatchKit App"
            ReferencedContainer = "container:WatchChat.xcodeproj">
         </BuildableReference>
      </MacroExpansion>
   </ProfileAction>
   <AnalyzeAction
      buildConfiguration = "Debug">
   </AnalyzeAction>
   <ArchiveAction
      buildConfiguration = "Release"
      revealArchiveInOrganizer = "YES">
   </ArchiveAction>
</Scheme>
